PODS:
  - Alamofire (5.0.0-beta.7)
  - AutoInsetter (1.7.2)
  - AXPhotoViewer (1.7.1):
    - AXPhotoViewer/Core (= 1.7.1)
  - AXPhotoViewer/Core (1.7.1):
    - AXStateButton (>= 1.1.3)
    - FLAnimatedImage (>= 1.0.0)
    - FLAnimatedImage-tvOS (>= 1.0.16)
  - AXStateButton (1.1.4)
  - ColorSlider (4.4)
  - Cosmos (19.0.3)
  - CryptoSwift (0.15.0)
  - Down (0.8.6)
  - EmptyDataSet-Swift (4.2.0)
  - ESTabBarController-swift (2.7)
  - FLAnimatedImage (1.0.12)
  - Hero (1.4.0)
  - IBAnimatable (6.0.0)
  - iosMath (0.9.4)
  - IQKeyboardManagerSwift (6.4.1)
  - KeychainAccess (3.2.0)
  - Kingfisher (5.6.0)
  - MarqueeLabel (4.0.0)
  - NotificationBannerSwift (2.5.1):
    - MarqueeLabel (~> 4.0.0)
    - SnapKit (~> 5.0.0)
  - Pageboy (3.2.3)
  - PusherSwift (7.0.0):
    - CryptoSwift (~> 0.9)
    - ReachabilitySwift (= 4.3.0)
    - Starscream (~> 3.0.5)
  - ReachabilitySwift (4.3.0)
  - RevealingSplashView (0.6.0)
  - RichTextView (2.2.4):
    - Down
    - iosMath
    - SnapKit
  - SCLAlertView (0.8.1)
  - SnapKit (5.0.1)
  - Solar (2.1.0)
  - SPStorkController (1.7.9)
  - Starscream (3.0.6)
  - SwifterSwift (5.0.0):
    - SwifterSwift/AppKit (= 5.0.0)
    - SwifterSwift/CoreGraphics (= 5.0.0)
    - SwifterSwift/CoreLocation (= 5.0.0)
    - SwifterSwift/Dispatch (= 5.0.0)
    - SwifterSwift/Foundation (= 5.0.0)
    - SwifterSwift/MapKit (= 5.0.0)
    - SwifterSwift/SpriteKit (= 5.0.0)
    - SwifterSwift/SwiftStdlib (= 5.0.0)
    - SwifterSwift/UIKit (= 5.0.0)
  - SwifterSwift/AppKit (5.0.0)
  - SwifterSwift/CoreGraphics (5.0.0)
  - SwifterSwift/CoreLocation (5.0.0)
  - SwifterSwift/Dispatch (5.0.0)
  - SwifterSwift/Foundation (5.0.0)
  - SwifterSwift/MapKit (5.0.0)
  - SwifterSwift/SpriteKit (5.0.0)
  - SwifterSwift/SwiftStdlib (5.0.0)
  - SwifterSwift/UIKit (5.0.0)
  - SwiftTheme (0.4.4)
  - SwiftyJSON (5.0.0)
  - SwipeCellKit (2.6.0)
  - Tabman (2.4.3):
    - AutoInsetter (~> 1.7.2)
    - Pageboy (~> 3.2.3)
  - TRON (5.0.0-beta.5):
    - Alamofire (~> 5.0.0-beta.6)
    - TRON/Core (= 5.0.0-beta.5)
  - TRON/Core (5.0.0-beta.5):
    - Alamofire (~> 5.0.0-beta.6)
  - TRON/SwiftyJSON (5.0.0-beta.5):
    - Alamofire (~> 5.0.0-beta.6)
    - SwiftyJSON (~> 5.0)
    - TRON/Core
  - WhatsNew (0.4.6)

DEPENDENCIES:
  - AXPhotoViewer
  - ColorSlider
  - Cosmos
  - EmptyDataSet-Swift
  - ESTabBarController-swift
  - Hero
  - IBAnimatable
  - IQKeyboardManagerSwift
  - KeychainAccess
  - Kingfisher (from `https://github.com/onevcat/Kingfisher.git`, commit `xcode11`)
  - NotificationBannerSwift
  - PusherSwift
  - RevealingSplashView (from `https://github.com/PiXeL16/RevealingSplashView.git`, commit `master`)
  - RichTextView
  - SCLAlertView (from `https://github.com/vikmeup/SCLAlertView-Swift.git`, branch `master`)
  - Solar
  - SPStorkController
  - SwifterSwift
  - SwiftTheme
  - SwipeCellKit
  - Tabman
  - TRON (~> 5.0.0-beta.5)
  - TRON/SwiftyJSON
  - WhatsNew

SPEC REPOS:
  https://github.com/CocoaPods/Specs.git:
    - Alamofire
    - AutoInsetter
    - AXPhotoViewer
    - AXStateButton
    - ColorSlider
    - Cosmos
    - CryptoSwift
    - Down
    - EmptyDataSet-Swift
    - ESTabBarController-swift
    - FLAnimatedImage
    - Hero
    - IBAnimatable
    - iosMath
    - IQKeyboardManagerSwift
    - KeychainAccess
    - MarqueeLabel
    - NotificationBannerSwift
    - Pageboy
    - PusherSwift
    - ReachabilitySwift
    - RichTextView
    - SnapKit
    - Solar
    - SPStorkController
    - Starscream
    - SwifterSwift
    - SwiftTheme
    - SwiftyJSON
    - SwipeCellKit
    - Tabman
    - TRON
    - WhatsNew

EXTERNAL SOURCES:
  Kingfisher:
    :commit: xcode11
    :git: https://github.com/onevcat/Kingfisher.git
  RevealingSplashView:
    :commit: master
    :git: https://github.com/PiXeL16/RevealingSplashView.git
  SCLAlertView:
    :branch: master
    :git: https://github.com/vikmeup/SCLAlertView-Swift.git

CHECKOUT OPTIONS:
  Kingfisher:
    :commit: xcode11
    :git: https://github.com/onevcat/Kingfisher.git
  RevealingSplashView:
    :commit: master
    :git: https://github.com/PiXeL16/RevealingSplashView.git
  SCLAlertView:
    :commit: f76bb0306b4c73523ca64100b0e3f2ad6896cee2
    :git: https://github.com/vikmeup/SCLAlertView-Swift.git

SPEC CHECKSUMS:
  Alamofire: bd07938ceecad59d2492aeecb1f785a8f2721160
  AutoInsetter: 176c5c069b40bf6afa51bf7081be346ab70ca315
  AXPhotoViewer: f4b021c6e43b0b9dbc7b30cf8b9a4f577d0c1f51
  AXStateButton: 6c515a433e37551505046429b5be04c12daa8c07
  ColorSlider: 9a888e65b871fa1e6a26fadebf4931c949935681
  Cosmos: a6fb17284281fa12cf4c85c2efecd440a215ec44
  CryptoSwift: 769f58a9e89f64e8796c2e59ce5f002dc81a2438
  Down: 3c758f2388fa739663023f400e742a988fa1e21d
  EmptyDataSet-Swift: 1fa0b35f530a35f852ecb2b53564728b0c300aaf
  ESTabBarController-swift: 4fb52ad03d94d0717ef97bc9eb09a5abfdded0a2
  FLAnimatedImage: 4a0b56255d9b05f18b6dd7ee06871be5d3b89e31
  Hero: bac92350d7201a1a940003e0767c7b52ce7c99a1
  IBAnimatable: d49f9fee0c401b5b08d31b77256b77fb067e0e92
  iosMath: f7a6cbadf9d836d2149c2a84c435b1effc244cba
  IQKeyboardManagerSwift: d2df660d0b8d64a15cb2537c9ff303213fa515b2
  KeychainAccess: 3b1bf8a77eb4c6ea1ce9404c292e48f948954c6b
  Kingfisher: 7e5cef5ee82c0576e7d23035e1710b7e3b0a1e85
  MarqueeLabel: b55b26e690b6ad41faedd95cbf5eae6f1d1735b4
  NotificationBannerSwift: e55dd801b0d78f1a7bacb10d722a935ec95f94a3
  Pageboy: 347c49b3a7f15aa78ddb6bf5c6c3b113e382fe52
  PusherSwift: d15d6290be0b0b57fd9ac80b03661a6ba24623ec
  ReachabilitySwift: 408477d1b6ed9779dba301953171e017c31241f3
  RevealingSplashView: 4db6bfd0800a1f4f8e5ad87ce5cdf3d276cd19cf
  RichTextView: a8aeabdc23d3eb1688e90fc576aa01cdb4abdf18
  SCLAlertView: 776813fb1f62248965f37cb7edf4088ee6394460
  SnapKit: 97b92857e3df3a0c71833cce143274bf6ef8e5eb
  Solar: 2dc6e7cc39186cb0c8228fa08df76fb50c7d8f24
  SPStorkController: 36bd84206267232747b19d48852659bd71ede28f
  Starscream: ef3ece99d765eeccb67de105bfa143f929026cf5
  SwifterSwift: 96f90594b370802f01647c2b1229c74a84ffafee
  SwiftTheme: a381f983da92153908b7a9eeb961b18b6d94d614
  SwiftyJSON: 36413e04c44ee145039d332b4f4e2d3e8d6c4db7
  SwipeCellKit: 935ca28c187ec6e1ffb2b578cf8ddca842bfdcbb
  Tabman: c2c83ebfcbec3e5be67e27a1dd6689a4e3efccd3
  TRON: 38ac8e2c64a466343bb0c364da895488b6a6f123
  WhatsNew: d66a52b294e90d5bc133877e270ea7ce0b945003

PODFILE CHECKSUM: b0b1c5ec5e519c627712d7033f2628ce9ee384f0

COCOAPODS: 1.8.0.beta.1
