// !$*UTF8*$!
{
	archiveVersion = 1;
	classes = {
	};
	objectVersion = 77;
	objects = {

/* Begin PBXBuildFile section */
		662A3D372C92433F006F6EDD /* KuroChan.appex in Embed Foundation Extensions */ = {isa = PBXBuildFile; fileRef = 662A3D302C92433B006F6EDD /* KuroChan.appex */; platformFilter = ios; settings = {ATTRIBUTES = (RemoveHeadersOnCopy, ); }; };
		6647B7402BC0A6E2006BC91C /* KurozoraWidgetExtension.appex in Embed Foundation Extensions */ = {isa = PBXBuildFile; fileRef = 6647B7302BC0A6DD006BC91C /* KurozoraWidgetExtension.appex */; settings = {ATTRIBUTES = (RemoveHeadersOnCopy, ); }; };
		66CB0EA12E90A0BE00104283 /* WhatsNew in Frameworks */ = {isa = PBXBuildFile; productRef = 66CB0EA02E90A0BE00104283 /* WhatsNew */; };
		66CB161C2E90AA4800104283 /* SwiftyJSON in Frameworks */ = {isa = PBXBuildFile; productRef = 66CB161B2E90AA4800104283 /* SwiftyJSON */; };
		66CBDB1E2E8F215A00104283 /* KurozoraKit in Frameworks */ = {isa = PBXBuildFile; productRef = 66CBDB1D2E8F215A00104283 /* KurozoraKit */; };
		66CBDB212E8F221600104283 /* KeychainAccess in Frameworks */ = {isa = PBXBuildFile; productRef = 66CBDB202E8F221600104283 /* KeychainAccess */; };
		66CBDB232E8F222D00104283 /* KeychainAccess in Frameworks */ = {isa = PBXBuildFile; productRef = 66CBDB222E8F222D00104283 /* KeychainAccess */; };
		66CBF1102E9022F600104283 /* Kingfisher in Frameworks */ = {isa = PBXBuildFile; productRef = 66CBF10F2E9022F600104283 /* Kingfisher */; };
		66CBF1132E90234D00104283 /* Cosmos in Frameworks */ = {isa = PBXBuildFile; productRef = 66CBF1122E90234D00104283 /* Cosmos */; };
		66CBF1162E9023AC00104283 /* FLEX in Frameworks */ = {isa = PBXBuildFile; productRef = 66CBF1152E9023AC00104283 /* FLEX */; };
		66CBF8662E9024AA00104283 /* IQKeyboardManagerSwift in Frameworks */ = {isa = PBXBuildFile; platformFilter = ios; productRef = 66CBF8652E9024AA00104283 /* IQKeyboardManagerSwift */; };
		66CBF8692E90254A00104283 /* Reachability in Frameworks */ = {isa = PBXBuildFile; productRef = 66CBF8682E90254A00104283 /* Reachability */; };
		66CBF86C2E90260F00104283 /* Solar in Frameworks */ = {isa = PBXBuildFile; productRef = 66CBF86B2E90260F00104283 /* Solar */; };
		66CBF86F2E90277800104283 /* SPConfetti in Frameworks */ = {isa = PBXBuildFile; productRef = 66CBF86E2E90277800104283 /* SPConfetti */; };
		66CBF8722E90279E00104283 /* Tabman in Frameworks */ = {isa = PBXBuildFile; productRef = 66CBF8712E90279E00104283 /* Tabman */; };
		66CBF8752E9027FF00104283 /* SwiftTheme in Frameworks */ = {isa = PBXBuildFile; productRef = 66CBF8742E9027FF00104283 /* SwiftTheme */; };
		66CBF8782E90287A00104283 /* RswiftLibrary in Frameworks */ = {isa = PBXBuildFile; productRef = 66CBF8772E90287A00104283 /* RswiftLibrary */; };
		66CBF87D2E902AFC00104283 /* XCDYouTubeKit in Frameworks */ = {isa = PBXBuildFile; productRef = 66CBF87C2E902AFC00104283 /* XCDYouTubeKit */; };
		66CBFFCC2E9045E700104283 /* KurozoraKit in Frameworks */ = {isa = PBXBuildFile; productRef = 66CBFFCB2E9045E700104283 /* KurozoraKit */; };
		66CBFFD02E90463200104283 /* RswiftLibrary in Frameworks */ = {isa = PBXBuildFile; productRef = 66CBFFCF2E90463200104283 /* RswiftLibrary */; };
		66CBFFD42E904AF500104283 /* Kingfisher in Frameworks */ = {isa = PBXBuildFile; productRef = 66CBFFD32E904AF500104283 /* Kingfisher */; };
		66CBFFD62E904B3F00104283 /* SwiftTheme in Frameworks */ = {isa = PBXBuildFile; productRef = 66CBFFD52E904B3F00104283 /* SwiftTheme */; };
/* End PBXBuildFile section */

/* Begin PBXContainerItemProxy section */
		662A3D352C92433F006F6EDD /* PBXContainerItemProxy */ = {
			isa = PBXContainerItemProxy;
			containerPortal = 66647B482084995500CF624F /* Project object */;
			proxyType = 1;
			remoteGlobalIDString = 662A3D2F2C92433B006F6EDD;
			remoteInfo = KuroChan;
		};
		6647B73E2BC0A6E2006BC91C /* PBXContainerItemProxy */ = {
			isa = PBXContainerItemProxy;
			containerPortal = 66647B482084995500CF624F /* Project object */;
			proxyType = 1;
			remoteGlobalIDString = 6647B72F2BC0A6DD006BC91C;
			remoteInfo = BannerWidgetExtension;
		};
		66C6A54D23FB05C2000A6617 /* PBXContainerItemProxy */ = {
			isa = PBXContainerItemProxy;
			containerPortal = 66647B482084995500CF624F /* Project object */;
			proxyType = 1;
			remoteGlobalIDString = 66C6A53C23FB0567000A6617;
			remoteInfo = XMLImport;
		};
/* End PBXContainerItemProxy section */

/* Begin PBXCopyFilesBuildPhase section */
		6647B7412BC0A6E3006BC91C /* Embed Foundation Extensions */ = {
			isa = PBXCopyFilesBuildPhase;
			buildActionMask = 2147483647;
			dstPath = "";
			dstSubfolderSpec = 13;
			files = (
				6647B7402BC0A6E2006BC91C /* KurozoraWidgetExtension.appex in Embed Foundation Extensions */,
				662A3D372C92433F006F6EDD /* KuroChan.appex in Embed Foundation Extensions */,
			);
			name = "Embed Foundation Extensions";
			runOnlyForDeploymentPostprocessing = 0;
		};
/* End PBXCopyFilesBuildPhase section */

/* Begin PBXFileReference section */
		662A3D302C92433B006F6EDD /* KuroChan.appex */ = {isa = PBXFileReference; explicitFileType = "wrapper.app-extension"; includeInIndex = 0; path = KuroChan.appex; sourceTree = BUILT_PRODUCTS_DIR; };
		6647B7302BC0A6DD006BC91C /* KurozoraWidgetExtension.appex */ = {isa = PBXFileReference; explicitFileType = "wrapper.app-extension"; includeInIndex = 0; path = KurozoraWidgetExtension.appex; sourceTree = BUILT_PRODUCTS_DIR; };
		66647B502084995500CF624F /* Kurozora.app */ = {isa = PBXFileReference; explicitFileType = wrapper.application; includeInIndex = 0; path = Kurozora.app; sourceTree = BUILT_PRODUCTS_DIR; };
/* End PBXFileReference section */

/* Begin PBXFileSystemSynchronizedBuildFileExceptionSet section */
		6615A2FC2DA20A5A005DBB96 /* Exceptions for "KurozoraWidget" folder in "Kurozora" target */ = {
			isa = PBXFileSystemSynchronizedBuildFileExceptionSet;
			membershipExceptions = (
				Widgets/LaunchAppControl.swift,
			);
			target = 66647B4F2084995500CF624F /* Kurozora */;
		};
		6615A2FD2DA20A5A005DBB96 /* Exceptions for "KurozoraWidget" folder in "KurozoraWidgetExtension" target */ = {
			isa = PBXFileSystemSynchronizedBuildFileExceptionSet;
			membershipExceptions = (
				"Supporting Files/Info.plist",
			);
			target = 6647B72F2BC0A6DD006BC91C /* KurozoraWidgetExtension */;
		};
		6615A3032DA20A61005DBB96 /* Exceptions for "KuroChan" folder in "KuroChan" target */ = {
			isa = PBXFileSystemSynchronizedBuildFileExceptionSet;
			membershipExceptions = (
				Stickers.xcassets,
			);
			target = 662A3D2F2C92433B006F6EDD /* KuroChan */;
		};
		6615BF0B2DA296B4005DBB96 /* Exceptions for "Kurozora" folder in "Kurozora" target */ = {
			isa = PBXFileSystemSynchronizedBuildFileExceptionSet;
			membershipExceptions = (
				"Supporting Files/Info.plist",
				"Supporting Files/Intents.intentdefinition",
			);
			target = 66647B4F2084995500CF624F /* Kurozora */;
		};
		6615BF0C2DA296B4005DBB96 /* Exceptions for "Kurozora" folder in "KurozoraWidgetExtension" target */ = {
			isa = PBXFileSystemSynchronizedBuildFileExceptionSet;
			membershipExceptions = (
				"App Frameworks/Foundation/Extensions/Notification+Kurozora.swift",
				"App Frameworks/Foundation/Extensions/UserDefaults+Kurozora.swift",
				"App Frameworks/SwiftTheme/Extensions/SwiftTheme+Kurozora.swift",
				"App Frameworks/UIKit/Extensions/UIColor+Kurozora.swift",
				App/Enums/AuthenticationInterval.swift,
				App/Enums/KBrowser.swift,
				App/Enums/KThemePicker.swift,
				App/Enums/SplashScreenAnimation.swift,
				App/Enums/UserSettingsKey.swift,
				"App/Extensions/UIStatusBarStyle+Theme.swift",
				App/Helpers/Trans.swift,
				App/Intents/LaunchAppIntent.swift,
				App/Models/UserSettings.swift,
				Features/Animation/Animation.swift,
				SharedDelegate.swift,
				"Supporting Files/Assets.xcassets",
			);
			target = 6647B72F2BC0A6DD006BC91C /* KurozoraWidgetExtension */;
		};
/* End PBXFileSystemSynchronizedBuildFileExceptionSet section */

/* Begin PBXFileSystemSynchronizedRootGroup section */
		6615A2EE2DA20A5A005DBB96 /* KurozoraWidget */ = {
			isa = PBXFileSystemSynchronizedRootGroup;
			exceptions = (
				6615A2FC2DA20A5A005DBB96 /* Exceptions for "KurozoraWidget" folder in "Kurozora" target */,
				6615A2FD2DA20A5A005DBB96 /* Exceptions for "KurozoraWidget" folder in "KurozoraWidgetExtension" target */,
			);
			path = KurozoraWidget;
			sourceTree = "<group>";
		};
		6615A3012DA20A61005DBB96 /* KuroChan */ = {
			isa = PBXFileSystemSynchronizedRootGroup;
			exceptions = (
				6615A3032DA20A61005DBB96 /* Exceptions for "KuroChan" folder in "KuroChan" target */,
			);
			path = KuroChan;
			sourceTree = "<group>";
		};
		6615BC102DA296B2005DBB96 /* Kurozora */ = {
			isa = PBXFileSystemSynchronizedRootGroup;
			exceptions = (
				6615BF0B2DA296B4005DBB96 /* Exceptions for "Kurozora" folder in "Kurozora" target */,
				6615BF0C2DA296B4005DBB96 /* Exceptions for "Kurozora" folder in "KurozoraWidgetExtension" target */,
			);
			path = Kurozora;
			sourceTree = "<group>";
		};
/* End PBXFileSystemSynchronizedRootGroup section */

/* Begin PBXFrameworksBuildPhase section */
		6647B72D2BC0A6DD006BC91C /* Frameworks */ = {
			isa = PBXFrameworksBuildPhase;
			buildActionMask = 2147483647;
			files = (
				66CBDB232E8F222D00104283 /* KeychainAccess in Frameworks */,
				66CBFFCC2E9045E700104283 /* KurozoraKit in Frameworks */,
				66CBFFD42E904AF500104283 /* Kingfisher in Frameworks */,
				66CBFFD62E904B3F00104283 /* SwiftTheme in Frameworks */,
				66CBFFD02E90463200104283 /* RswiftLibrary in Frameworks */,
			);
			runOnlyForDeploymentPostprocessing = 0;
		};
		66647B4D2084995500CF624F /* Frameworks */ = {
			isa = PBXFrameworksBuildPhase;
			buildActionMask = 2147483647;
			files = (
				66CBDB1E2E8F215A00104283 /* KurozoraKit in Frameworks */,
				66CB161C2E90AA4800104283 /* SwiftyJSON in Frameworks */,
				66CBDB212E8F221600104283 /* KeychainAccess in Frameworks */,
				66CBF8782E90287A00104283 /* RswiftLibrary in Frameworks */,
				66CBF8722E90279E00104283 /* Tabman in Frameworks */,
				66CBF87D2E902AFC00104283 /* XCDYouTubeKit in Frameworks */,
				66CBF86C2E90260F00104283 /* Solar in Frameworks */,
				66CBF1132E90234D00104283 /* Cosmos in Frameworks */,
				66CBF8692E90254A00104283 /* Reachability in Frameworks */,
				66CBF8662E9024AA00104283 /* IQKeyboardManagerSwift in Frameworks */,
				66CBF1102E9022F600104283 /* Kingfisher in Frameworks */,
				66CBF86F2E90277800104283 /* SPConfetti in Frameworks */,
				66CBF8752E9027FF00104283 /* SwiftTheme in Frameworks */,
				66CB0EA12E90A0BE00104283 /* WhatsNew in Frameworks */,
				66CBF1162E9023AC00104283 /* FLEX in Frameworks */,
			);
			runOnlyForDeploymentPostprocessing = 0;
		};
/* End PBXFrameworksBuildPhase section */

/* Begin PBXGroup section */
		66647B472084995500CF624F = {
			isa = PBXGroup;
			children = (
				6615BC102DA296B2005DBB96 /* Kurozora */,
				6615A2EE2DA20A5A005DBB96 /* KurozoraWidget */,
				6615A3012DA20A61005DBB96 /* KuroChan */,
				66647B512084995500CF624F /* Products */,
			);
			sourceTree = "<group>";
			usesTabs = 1;
		};
		66647B512084995500CF624F /* Products */ = {
			isa = PBXGroup;
			children = (
				66647B502084995500CF624F /* Kurozora.app */,
				6647B7302BC0A6DD006BC91C /* KurozoraWidgetExtension.appex */,
				662A3D302C92433B006F6EDD /* KuroChan.appex */,
			);
			name = Products;
			sourceTree = "<group>";
		};
/* End PBXGroup section */

/* Begin PBXNativeTarget section */
		662A3D2F2C92433B006F6EDD /* KuroChan */ = {
			isa = PBXNativeTarget;
			buildConfigurationList = 662A3D3B2C92433F006F6EDD /* Build configuration list for PBXNativeTarget "KuroChan" */;
			buildPhases = (
				662A3D2E2C92433B006F6EDD /* Resources */,
			);
			buildRules = (
			);
			dependencies = (
			);
			name = KuroChan;
			productName = KuroChan;
			productReference = 662A3D302C92433B006F6EDD /* KuroChan.appex */;
			productType = "com.apple.product-type.app-extension.messages-sticker-pack";
		};
		6647B72F2BC0A6DD006BC91C /* KurozoraWidgetExtension */ = {
			isa = PBXNativeTarget;
			buildConfigurationList = 6647B7442BC0A6E3006BC91C /* Build configuration list for PBXNativeTarget "KurozoraWidgetExtension" */;
			buildPhases = (
				6647B72C2BC0A6DD006BC91C /* Sources */,
				6647B72D2BC0A6DD006BC91C /* Frameworks */,
				6647B72E2BC0A6DD006BC91C /* Resources */,
			);
			buildRules = (
			);
			dependencies = (
				66CB0EB02E90A27100104283 /* PBXTargetDependency */,
			);
			fileSystemSynchronizedGroups = (
				6615A2EE2DA20A5A005DBB96 /* KurozoraWidget */,
			);
			name = KurozoraWidgetExtension;
			productName = BannerWidgetExtension;
			productReference = 6647B7302BC0A6DD006BC91C /* KurozoraWidgetExtension.appex */;
			productType = "com.apple.product-type.app-extension";
		};
		66647B4F2084995500CF624F /* Kurozora */ = {
			isa = PBXNativeTarget;
			buildConfigurationList = 66647B7A2084995E00CF624F /* Build configuration list for PBXNativeTarget "Kurozora" */;
			buildPhases = (
				66647B4C2084995500CF624F /* Sources */,
				66647B4D2084995500CF624F /* Frameworks */,
				66647B4E2084995500CF624F /* Resources */,
				66CF0BBC231AEE8A00EEF947 /* SwiftLint */,
				66022EAE238B287900B5286A /* Add Acknowledgements */,
				66B4DC40245A20390097135A /* Add version to Settings.bundle */,
				6647B7412BC0A6E3006BC91C /* Embed Foundation Extensions */,
			);
			buildRules = (
			);
			dependencies = (
				660593072E91CE80002CC46E /* PBXTargetDependency */,
				66CBFFD82E904CDB00104283 /* PBXTargetDependency */,
				66C6A54E23FB05C2000A6617 /* PBXTargetDependency */,
				6647B73F2BC0A6E2006BC91C /* PBXTargetDependency */,
				662A3D362C92433F006F6EDD /* PBXTargetDependency */,
			);
			fileSystemSynchronizedGroups = (
				6615BC102DA296B2005DBB96 /* Kurozora */,
			);
			name = Kurozora;
			productName = Aozora;
			productReference = 66647B502084995500CF624F /* Kurozora.app */;
			productType = "com.apple.product-type.application";
		};
/* End PBXNativeTarget section */

/* Begin PBXProject section */
		66647B482084995500CF624F /* Project object */ = {
			isa = PBXProject;
			attributes = {
				BuildIndependentTargetsInParallel = YES;
				LastSwiftUpdateCheck = 1530;
				LastUpgradeCheck = 2610;
				ORGANIZATIONNAME = Kurozora;
				TargetAttributes = {
					662A3D2F2C92433B006F6EDD = {
						CreatedOnToolsVersion = 16.0;
					};
					6647B72F2BC0A6DD006BC91C = {
						CreatedOnToolsVersion = 15.3;
					};
					66647B4F2084995500CF624F = {
						CreatedOnToolsVersion = 9.3;
						ProvisioningStyle = Automatic;
						SystemCapabilities = {
							com.apple.ApplicationGroups.iOS = {
								enabled = 1;
							};
							com.apple.DataProtection = {
								enabled = 1;
							};
							com.apple.Keychain = {
								enabled = 1;
							};
							com.apple.Maps.iOS = {
								enabled = 1;
							};
						};
					};
				};
			};
			buildConfigurationList = 66647B4B2084995500CF624F /* Build configuration list for PBXProject "Kurozora" */;
			developmentRegion = en;
			hasScannedForEncodings = 0;
			knownRegions = (
				en,
				Base,
			);
			mainGroup = 66647B472084995500CF624F;
			packageReferences = (
				66CBF10E2E9022F600104283 /* XCRemoteSwiftPackageReference "Kingfisher" */,
				66CBF1112E90234D00104283 /* XCRemoteSwiftPackageReference "Cosmos" */,
				66CBF1142E9023AC00104283 /* XCRemoteSwiftPackageReference "FLEX" */,
				66CBF8642E9024AA00104283 /* XCRemoteSwiftPackageReference "IQKeyboardManager" */,
				66CBF8672E90254A00104283 /* XCRemoteSwiftPackageReference "Reachability" */,
				66CBF86A2E90260F00104283 /* XCRemoteSwiftPackageReference "Solar" */,
				66CBF86D2E90277800104283 /* XCRemoteSwiftPackageReference "SPConfetti" */,
				66CBF8702E90279E00104283 /* XCRemoteSwiftPackageReference "Tabman" */,
				66CBF8732E9027FF00104283 /* XCRemoteSwiftPackageReference "SwiftTheme" */,
				66CBF8762E90287A00104283 /* XCRemoteSwiftPackageReference "R.swift" */,
				66CBF87B2E902AFC00104283 /* XCRemoteSwiftPackageReference "XCDYouTubeKit" */,
				66CB161A2E90AA4800104283 /* XCRemoteSwiftPackageReference "SwiftyJSON" */,
				660592EF2E91CD07002CC46E /* XCRemoteSwiftPackageReference "LicensePlist" */,
				6669C5A52E99A5FA009923C0 /* XCRemoteSwiftPackageReference "WhatsNew" */,
				66E55AF82EE3C3D7009E12A3 /* XCRemoteSwiftPackageReference "KurozoraKit" */,
			);
			preferredProjectObjectVersion = 77;
			productRefGroup = 66647B512084995500CF624F /* Products */;
			projectDirPath = "";
			projectRoot = "";
			targets = (
				66647B4F2084995500CF624F /* Kurozora */,
				6647B72F2BC0A6DD006BC91C /* KurozoraWidgetExtension */,
				662A3D2F2C92433B006F6EDD /* KuroChan */,
			);
		};
/* End PBXProject section */

/* Begin PBXResourcesBuildPhase section */
		662A3D2E2C92433B006F6EDD /* Resources */ = {
			isa = PBXResourcesBuildPhase;
			buildActionMask = 2147483647;
			files = (
			);
			runOnlyForDeploymentPostprocessing = 0;
		};
		6647B72E2BC0A6DD006BC91C /* Resources */ = {
			isa = PBXResourcesBuildPhase;
			buildActionMask = 2147483647;
			files = (
			);
			runOnlyForDeploymentPostprocessing = 0;
		};
		66647B4E2084995500CF624F /* Resources */ = {
			isa = PBXResourcesBuildPhase;
			buildActionMask = 2147483647;
			files = (
			);
			runOnlyForDeploymentPostprocessing = 0;
		};
/* End PBXResourcesBuildPhase section */

/* Begin PBXShellScriptBuildPhase section */
		66022EAE238B287900B5286A /* Add Acknowledgements */ = {
			isa = PBXShellScriptBuildPhase;
			alwaysOutOfDate = 1;
			buildActionMask = 12;
			files = (
			);
			inputFileListPaths = (
			);
			inputPaths = (
			);
			name = "Add Acknowledgements";
			outputFileListPaths = (
			);
			outputPaths = (
			);
			runOnlyForDeploymentPostprocessing = 0;
			shellPath = /bin/sh;
			shellScript = "ACKNOWLEDGEMENTS_DIR=\"${BUILT_PRODUCTS_DIR}/${CONTENTS_FOLDER_PATH}/com.mono0926.LicensePlist.Output\"\nDESTINATION_PATH=\"${SRCROOT}/Kurozora/Supporting Files/Settings.bundle/\"\n\nrm -rf \"${DESTINATION_PATH}/Acknowledgements\"\n\ncp -r \"${ACKNOWLEDGEMENTS_DIR}\"/* \"${DESTINATION_PATH}\"\n\nrm -rf \"${ACKNOWLEDGEMENTS_DIR}\"\n";
		};
		66B4DC40245A20390097135A /* Add version to Settings.bundle */ = {
			isa = PBXShellScriptBuildPhase;
			alwaysOutOfDate = 1;
			buildActionMask = 2147483647;
			files = (
			);
			inputFileListPaths = (
			);
			inputPaths = (
			);
			name = "Add version to Settings.bundle";
			outputFileListPaths = (
			);
			outputPaths = (
			);
			runOnlyForDeploymentPostprocessing = 0;
			shellPath = /bin/sh;
			shellScript = "version=\"${MARKETING_VERSION}\"\n/usr/libexec/PlistBuddy \"${SRCROOT}/Kurozora/Supporting Files/Settings.bundle/Root.plist\" -c \"set PreferenceSpecifiers:2:DefaultValue $version\"\n";
		};
		66CF0BBC231AEE8A00EEF947 /* SwiftLint */ = {
			isa = PBXShellScriptBuildPhase;
			alwaysOutOfDate = 1;
			buildActionMask = 2147483647;
			files = (
			);
			inputFileListPaths = (
			);
			inputPaths = (
			);
			name = SwiftLint;
			outputFileListPaths = (
			);
			outputPaths = (
			);
			runOnlyForDeploymentPostprocessing = 0;
			shellPath = /bin/sh;
			shellScript = "if which swiftlint >/dev/null; then\n  swiftlint\nelse\n  echo \"warning: SwiftLint not installed, download from https://github.com/realm/SwiftLint\"\nfi\n";
		};
/* End PBXShellScriptBuildPhase section */

/* Begin PBXSourcesBuildPhase section */
		6647B72C2BC0A6DD006BC91C /* Sources */ = {
			isa = PBXSourcesBuildPhase;
			buildActionMask = 2147483647;
			files = (
			);
			runOnlyForDeploymentPostprocessing = 0;
		};
		66647B4C2084995500CF624F /* Sources */ = {
			isa = PBXSourcesBuildPhase;
			buildActionMask = 2147483647;
			files = (
			);
			runOnlyForDeploymentPostprocessing = 0;
		};
/* End PBXSourcesBuildPhase section */

/* Begin PBXTargetDependency section */
		660593072E91CE80002CC46E /* PBXTargetDependency */ = {
			isa = PBXTargetDependency;
			productRef = 660593062E91CE80002CC46E /* LicensePlistBuildTool */;
		};
		662A3D362C92433F006F6EDD /* PBXTargetDependency */ = {
			isa = PBXTargetDependency;
			target = 662A3D2F2C92433B006F6EDD /* KuroChan */;
			targetProxy = 662A3D352C92433F006F6EDD /* PBXContainerItemProxy */;
		};
		6647B73F2BC0A6E2006BC91C /* PBXTargetDependency */ = {
			isa = PBXTargetDependency;
			target = 6647B72F2BC0A6DD006BC91C /* KurozoraWidgetExtension */;
			targetProxy = 6647B73E2BC0A6E2006BC91C /* PBXContainerItemProxy */;
		};
		66C6A54E23FB05C2000A6617 /* PBXTargetDependency */ = {
			isa = PBXTargetDependency;
			targetProxy = 66C6A54D23FB05C2000A6617 /* PBXContainerItemProxy */;
		};
		66CB0EB02E90A27100104283 /* PBXTargetDependency */ = {
			isa = PBXTargetDependency;
			productRef = 66CB0EAF2E90A27100104283 /* RswiftGenerateInternalResources */;
		};
		66CBFFD82E904CDB00104283 /* PBXTargetDependency */ = {
			isa = PBXTargetDependency;
			productRef = 66CBFFD72E904CDB00104283 /* RswiftGenerateInternalResources */;
		};
/* End PBXTargetDependency section */

/* Begin XCBuildConfiguration section */
		662A3D382C92433F006F6EDD /* Debug */ = {
			isa = XCBuildConfiguration;
			buildSettings = {
				ASSETCATALOG_COMPILER_APPICON_NAME = "iMessage App Icon";
				CLANG_CXX_LANGUAGE_STANDARD = "gnu++20";
				CODE_SIGN_ENTITLEMENTS = KuroChan/KuroChan.entitlements;
				CODE_SIGN_STYLE = Automatic;
				DEAD_CODE_STRIPPING = YES;
				ENABLE_APP_SANDBOX = YES;
				ENABLE_OUTGOING_NETWORK_CONNECTIONS = YES;
				GCC_C_LANGUAGE_STANDARD = gnu17;
				GENERATE_INFOPLIST_FILE = YES;
				INFOPLIST_FILE = KuroChan/Info.plist;
				INFOPLIST_KEY_CFBundleDisplayName = Kurozora;
				INFOPLIST_KEY_NSStickerSharingLevel = OS;
				MTL_ENABLE_DEBUG_INFO = INCLUDE_SOURCE;
				PRODUCT_BUNDLE_IDENTIFIER = "app.kurozora.tracker.stickers-kuro-chan";
				PRODUCT_NAME = "$(TARGET_NAME)";
				SDKROOT = auto;
				SKIP_INSTALL = YES;
				SUPPORTED_PLATFORMS = "iphonesimulator iphoneos";
				SUPPORTS_MACCATALYST = NO;
				SUPPORTS_MAC_DESIGNED_FOR_IPHONE_IPAD = NO;
				TARGETED_DEVICE_FAMILY = "1,2";
			};
			name = Debug;
		};
		662A3D392C92433F006F6EDD /* Release */ = {
			isa = XCBuildConfiguration;
			buildSettings = {
				ASSETCATALOG_COMPILER_APPICON_NAME = "iMessage App Icon";
				CLANG_CXX_LANGUAGE_STANDARD = "gnu++20";
				CODE_SIGN_ENTITLEMENTS = KuroChan/KuroChan.entitlements;
				CODE_SIGN_STYLE = Automatic;
				DEAD_CODE_STRIPPING = YES;
				ENABLE_APP_SANDBOX = YES;
				ENABLE_OUTGOING_NETWORK_CONNECTIONS = YES;
				GCC_C_LANGUAGE_STANDARD = gnu17;
				GENERATE_INFOPLIST_FILE = YES;
				INFOPLIST_FILE = KuroChan/Info.plist;
				INFOPLIST_KEY_CFBundleDisplayName = Kurozora;
				INFOPLIST_KEY_NSStickerSharingLevel = OS;
				PRODUCT_BUNDLE_IDENTIFIER = "app.kurozora.tracker.stickers-kuro-chan";
				PRODUCT_NAME = "$(TARGET_NAME)";
				SDKROOT = auto;
				SKIP_INSTALL = YES;
				SUPPORTED_PLATFORMS = "iphonesimulator iphoneos";
				SUPPORTS_MACCATALYST = NO;
				SUPPORTS_MAC_DESIGNED_FOR_IPHONE_IPAD = NO;
				TARGETED_DEVICE_FAMILY = "1,2";
			};
			name = Release;
		};
		6647B7422BC0A6E3006BC91C /* Debug */ = {
			isa = XCBuildConfiguration;
			buildSettings = {
				ASSETCATALOG_COMPILER_GLOBAL_ACCENT_COLOR_NAME = AccentColor;
				ASSETCATALOG_COMPILER_WIDGET_BACKGROUND_COLOR_NAME = WidgetBackground;
				AUTOMATION_APPLE_EVENTS = NO;
				CLANG_CXX_LANGUAGE_STANDARD = "gnu++20";
				CODE_SIGN_ENTITLEMENTS = KurozoraWidget/KurozoraWidget.entitlements;
				CODE_SIGN_IDENTITY = "Apple Development";
				"CODE_SIGN_IDENTITY[sdk=macosx*]" = "Apple Development";
				CODE_SIGN_STYLE = Automatic;
				DEAD_CODE_STRIPPING = YES;
				DEVELOPMENT_TEAM = 47ZEU5J4BF;
				ENABLE_APP_SANDBOX = YES;
				ENABLE_HARDENED_RUNTIME = YES;
				ENABLE_OUTGOING_NETWORK_CONNECTIONS = YES;
				ENABLE_RESOURCE_ACCESS_AUDIO_INPUT = NO;
				ENABLE_RESOURCE_ACCESS_CALENDARS = NO;
				ENABLE_RESOURCE_ACCESS_CAMERA = NO;
				ENABLE_RESOURCE_ACCESS_CONTACTS = NO;
				ENABLE_RESOURCE_ACCESS_LOCATION = NO;
				ENABLE_RESOURCE_ACCESS_PHOTO_LIBRARY = NO;
				GCC_C_LANGUAGE_STANDARD = gnu17;
				GENERATE_INFOPLIST_FILE = YES;
				INFOPLIST_FILE = "KurozoraWidget/Supporting Files/Info.plist";
				INFOPLIST_KEY_CFBundleDisplayName = Kurozora;
				INFOPLIST_KEY_NSHumanReadableCopyright = "Copyright © 2025 Kurozora. All rights reserved.";
				LD_RUNPATH_SEARCH_PATHS = (
					"$(inherited)",
					"@executable_path/Frameworks",
					"@executable_path/../../Frameworks",
				);
				"LD_RUNPATH_SEARCH_PATHS[sdk=macosx*]" = (
					"$(inherited)",
					"@executable_path/../Frameworks",
					"@executable_path/../../../../Frameworks",
				);
				MTL_ENABLE_DEBUG_INFO = INCLUDE_SOURCE;
				PRODUCT_BUNDLE_IDENTIFIER = app.kurozora.tracker.widget;
				PRODUCT_NAME = "$(TARGET_NAME)";
				PROVISIONING_PROFILE_SPECIFIER = "";
				RUNTIME_EXCEPTION_ALLOW_DYLD_ENVIRONMENT_VARIABLES = NO;
				RUNTIME_EXCEPTION_ALLOW_JIT = NO;
				RUNTIME_EXCEPTION_ALLOW_UNSIGNED_EXECUTABLE_MEMORY = NO;
				RUNTIME_EXCEPTION_DEBUGGING_TOOL = NO;
				RUNTIME_EXCEPTION_DISABLE_EXECUTABLE_PAGE_PROTECTION = NO;
				RUNTIME_EXCEPTION_DISABLE_LIBRARY_VALIDATION = NO;
				SDKROOT = auto;
				SKIP_INSTALL = YES;
				SUPPORTED_PLATFORMS = "iphonesimulator iphoneos";
				SUPPORTS_MACCATALYST = YES;
				SUPPORTS_XR_DESIGNED_FOR_IPHONE_IPAD = YES;
				SWIFT_ACTIVE_COMPILATION_CONDITIONS = "DEBUG $(inherited)";
				TARGETED_DEVICE_FAMILY = "1,2";
			};
			name = Debug;
		};
		6647B7432BC0A6E3006BC91C /* Release */ = {
			isa = XCBuildConfiguration;
			buildSettings = {
				ASSETCATALOG_COMPILER_GLOBAL_ACCENT_COLOR_NAME = AccentColor;
				ASSETCATALOG_COMPILER_WIDGET_BACKGROUND_COLOR_NAME = WidgetBackground;
				AUTOMATION_APPLE_EVENTS = NO;
				CLANG_CXX_LANGUAGE_STANDARD = "gnu++20";
				CODE_SIGN_ENTITLEMENTS = KurozoraWidget/KurozoraWidget.entitlements;
				CODE_SIGN_IDENTITY = "Apple Development";
				"CODE_SIGN_IDENTITY[sdk=macosx*]" = "Apple Development";
				CODE_SIGN_STYLE = Automatic;
				DEAD_CODE_STRIPPING = YES;
				DEVELOPMENT_TEAM = 47ZEU5J4BF;
				ENABLE_APP_SANDBOX = YES;
				ENABLE_HARDENED_RUNTIME = YES;
				ENABLE_OUTGOING_NETWORK_CONNECTIONS = YES;
				ENABLE_RESOURCE_ACCESS_AUDIO_INPUT = NO;
				ENABLE_RESOURCE_ACCESS_CALENDARS = NO;
				ENABLE_RESOURCE_ACCESS_CAMERA = NO;
				ENABLE_RESOURCE_ACCESS_CONTACTS = NO;
				ENABLE_RESOURCE_ACCESS_LOCATION = NO;
				ENABLE_RESOURCE_ACCESS_PHOTO_LIBRARY = NO;
				GCC_C_LANGUAGE_STANDARD = gnu17;
				GENERATE_INFOPLIST_FILE = YES;
				INFOPLIST_FILE = "KurozoraWidget/Supporting Files/Info.plist";
				INFOPLIST_KEY_CFBundleDisplayName = Kurozora;
				INFOPLIST_KEY_NSHumanReadableCopyright = "Copyright © 2025 Kurozora. All rights reserved.";
				LD_RUNPATH_SEARCH_PATHS = (
					"$(inherited)",
					"@executable_path/Frameworks",
					"@executable_path/../../Frameworks",
				);
				"LD_RUNPATH_SEARCH_PATHS[sdk=macosx*]" = (
					"$(inherited)",
					"@executable_path/../Frameworks",
					"@executable_path/../../../../Frameworks",
				);
				PRODUCT_BUNDLE_IDENTIFIER = app.kurozora.tracker.widget;
				PRODUCT_NAME = "$(TARGET_NAME)";
				PROVISIONING_PROFILE_SPECIFIER = "";
				RUNTIME_EXCEPTION_ALLOW_DYLD_ENVIRONMENT_VARIABLES = NO;
				RUNTIME_EXCEPTION_ALLOW_JIT = NO;
				RUNTIME_EXCEPTION_ALLOW_UNSIGNED_EXECUTABLE_MEMORY = NO;
				RUNTIME_EXCEPTION_DEBUGGING_TOOL = NO;
				RUNTIME_EXCEPTION_DISABLE_EXECUTABLE_PAGE_PROTECTION = NO;
				RUNTIME_EXCEPTION_DISABLE_LIBRARY_VALIDATION = NO;
				SDKROOT = auto;
				SKIP_INSTALL = YES;
				SUPPORTED_PLATFORMS = "iphonesimulator iphoneos";
				SUPPORTS_MACCATALYST = YES;
				SUPPORTS_XR_DESIGNED_FOR_IPHONE_IPAD = YES;
				TARGETED_DEVICE_FAMILY = "1,2";
			};
			name = Release;
		};
		66647B782084995E00CF624F /* Debug */ = {
			isa = XCBuildConfiguration;
			buildSettings = {
				ALWAYS_SEARCH_USER_PATHS = NO;
				ASSETCATALOG_COMPILER_GENERATE_SWIFT_ASSET_SYMBOL_EXTENSIONS = YES;
				CLANG_ANALYZER_NONNULL = YES;
				CLANG_ANALYZER_NUMBER_OBJECT_CONVERSION = YES_AGGRESSIVE;
				CLANG_CXX_LANGUAGE_STANDARD = "gnu++20";
				CLANG_CXX_LIBRARY = "libc++";
				CLANG_ENABLE_MODULES = YES;
				CLANG_ENABLE_OBJC_ARC = YES;
				CLANG_ENABLE_OBJC_WEAK = YES;
				CLANG_WARN_BLOCK_CAPTURE_AUTORELEASING = YES;
				CLANG_WARN_BOOL_CONVERSION = YES;
				CLANG_WARN_COMMA = YES;
				CLANG_WARN_CONSTANT_CONVERSION = YES;
				CLANG_WARN_DEPRECATED_OBJC_IMPLEMENTATIONS = YES;
				CLANG_WARN_DIRECT_OBJC_ISA_USAGE = YES_ERROR;
				CLANG_WARN_DOCUMENTATION_COMMENTS = YES;
				CLANG_WARN_EMPTY_BODY = YES;
				CLANG_WARN_ENUM_CONVERSION = YES;
				CLANG_WARN_INFINITE_RECURSION = YES;
				CLANG_WARN_INT_CONVERSION = YES;
				CLANG_WARN_NON_LITERAL_NULL_CONVERSION = YES;
				CLANG_WARN_OBJC_IMPLICIT_RETAIN_SELF = YES;
				CLANG_WARN_OBJC_LITERAL_CONVERSION = YES;
				CLANG_WARN_OBJC_ROOT_CLASS = YES_ERROR;
				CLANG_WARN_QUOTED_INCLUDE_IN_FRAMEWORK_HEADER = YES;
				CLANG_WARN_RANGE_LOOP_ANALYSIS = YES;
				CLANG_WARN_STRICT_PROTOTYPES = YES;
				CLANG_WARN_SUSPICIOUS_MOVE = YES;
				CLANG_WARN_UNGUARDED_AVAILABILITY = YES_AGGRESSIVE;
				CLANG_WARN_UNREACHABLE_CODE = YES;
				CLANG_WARN__DUPLICATE_METHOD_MATCH = YES;
				COPY_PHASE_STRIP = NO;
				CURRENT_PROJECT_VERSION = 1266;
				DEVELOPMENT_TEAM = 47ZEU5J4BF;
				ENABLE_STRICT_OBJC_MSGSEND = YES;
				ENABLE_TESTABILITY = YES;
				GCC_C_LANGUAGE_STANDARD = gnu17;
				GCC_DYNAMIC_NO_PIC = NO;
				GCC_NO_COMMON_BLOCKS = YES;
				GCC_OPTIMIZATION_LEVEL = 0;
				GCC_PREPROCESSOR_DEFINITIONS = (
					"DEBUG=1",
					"$(inherited)",
				);
				GCC_WARN_64_TO_32_BIT_CONVERSION = YES;
				GCC_WARN_ABOUT_RETURN_TYPE = YES_ERROR;
				GCC_WARN_UNDECLARED_SELECTOR = YES;
				GCC_WARN_UNINITIALIZED_AUTOS = YES_AGGRESSIVE;
				GCC_WARN_UNUSED_FUNCTION = YES;
				GCC_WARN_UNUSED_VARIABLE = YES;
				INFOPLIST_KEY_NSHumanReadableCopyright = "Copyright © 2025 Kurozora. All rights reserved.";
				IPHONEOS_DEPLOYMENT_TARGET = 15.6;
				LD_RUNPATH_SEARCH_PATHS = "@executable_path/Frameworks";
				LOCALIZATION_PREFERS_STRING_CATALOGS = YES;
				MACOSX_DEPLOYMENT_TARGET = 12.4;
				MARKETING_VERSION = 1.13.2;
				MTL_ENABLE_DEBUG_INFO = YES;
				MTL_FAST_MATH = YES;
				ONLY_ACTIVE_ARCH = YES;
				SDKROOT = iphoneos;
				STRING_CATALOG_GENERATE_SYMBOLS = YES;
				SWIFT_ACTIVE_COMPILATION_CONDITIONS = DEBUG;
				SWIFT_EMIT_LOC_STRINGS = YES;
				SWIFT_OPTIMIZATION_LEVEL = "-Onone";
				SWIFT_VERSION = 5.0;
				TVOS_DEPLOYMENT_TARGET = 15.0;
				VERSIONING_SYSTEM = "apple-generic";
				WATCHOS_DEPLOYMENT_TARGET = 9.0;
				XROS_DEPLOYMENT_TARGET = 1.0;
			};
			name = Debug;
		};
		66647B792084995E00CF624F /* Release */ = {
			isa = XCBuildConfiguration;
			buildSettings = {
				ALWAYS_SEARCH_USER_PATHS = NO;
				ASSETCATALOG_COMPILER_GENERATE_SWIFT_ASSET_SYMBOL_EXTENSIONS = YES;
				CLANG_ANALYZER_NONNULL = YES;
				CLANG_ANALYZER_NUMBER_OBJECT_CONVERSION = YES_AGGRESSIVE;
				CLANG_CXX_LANGUAGE_STANDARD = "gnu++20";
				CLANG_CXX_LIBRARY = "libc++";
				CLANG_ENABLE_MODULES = YES;
				CLANG_ENABLE_OBJC_ARC = YES;
				CLANG_ENABLE_OBJC_WEAK = YES;
				CLANG_WARN_BLOCK_CAPTURE_AUTORELEASING = YES;
				CLANG_WARN_BOOL_CONVERSION = YES;
				CLANG_WARN_COMMA = YES;
				CLANG_WARN_CONSTANT_CONVERSION = YES;
				CLANG_WARN_DEPRECATED_OBJC_IMPLEMENTATIONS = YES;
				CLANG_WARN_DIRECT_OBJC_ISA_USAGE = YES_ERROR;
				CLANG_WARN_DOCUMENTATION_COMMENTS = YES;
				CLANG_WARN_EMPTY_BODY = YES;
				CLANG_WARN_ENUM_CONVERSION = YES;
				CLANG_WARN_INFINITE_RECURSION = YES;
				CLANG_WARN_INT_CONVERSION = YES;
				CLANG_WARN_NON_LITERAL_NULL_CONVERSION = YES;
				CLANG_WARN_OBJC_IMPLICIT_RETAIN_SELF = YES;
				CLANG_WARN_OBJC_LITERAL_CONVERSION = YES;
				CLANG_WARN_OBJC_ROOT_CLASS = YES_ERROR;
				CLANG_WARN_QUOTED_INCLUDE_IN_FRAMEWORK_HEADER = YES;
				CLANG_WARN_RANGE_LOOP_ANALYSIS = YES;
				CLANG_WARN_STRICT_PROTOTYPES = YES;
				CLANG_WARN_SUSPICIOUS_MOVE = YES;
				CLANG_WARN_UNGUARDED_AVAILABILITY = YES_AGGRESSIVE;
				CLANG_WARN_UNREACHABLE_CODE = YES;
				CLANG_WARN__DUPLICATE_METHOD_MATCH = YES;
				COPY_PHASE_STRIP = NO;
				CURRENT_PROJECT_VERSION = 1266;
				DEVELOPMENT_TEAM = 47ZEU5J4BF;
				ENABLE_NS_ASSERTIONS = NO;
				ENABLE_STRICT_OBJC_MSGSEND = YES;
				EXCLUDED_SOURCE_FILE_NAMES = "FLEX*";
				GCC_C_LANGUAGE_STANDARD = gnu17;
				GCC_NO_COMMON_BLOCKS = YES;
				GCC_WARN_64_TO_32_BIT_CONVERSION = YES;
				GCC_WARN_ABOUT_RETURN_TYPE = YES_ERROR;
				GCC_WARN_UNDECLARED_SELECTOR = YES;
				GCC_WARN_UNINITIALIZED_AUTOS = YES_AGGRESSIVE;
				GCC_WARN_UNUSED_FUNCTION = YES;
				GCC_WARN_UNUSED_VARIABLE = YES;
				INFOPLIST_KEY_NSHumanReadableCopyright = "Copyright © 2025 Kurozora. All rights reserved.";
				IPHONEOS_DEPLOYMENT_TARGET = 15.6;
				LD_RUNPATH_SEARCH_PATHS = "@executable_path/Frameworks";
				LOCALIZATION_PREFERS_STRING_CATALOGS = YES;
				MACOSX_DEPLOYMENT_TARGET = 12.4;
				MARKETING_VERSION = 1.13.2;
				MTL_ENABLE_DEBUG_INFO = NO;
				MTL_FAST_MATH = YES;
				SDKROOT = iphoneos;
				STRING_CATALOG_GENERATE_SYMBOLS = YES;
				SWIFT_ACTIVE_COMPILATION_CONDITIONS = "";
				SWIFT_COMPILATION_MODE = wholemodule;
				SWIFT_EMIT_LOC_STRINGS = YES;
				SWIFT_OPTIMIZATION_LEVEL = "-Owholemodule";
				SWIFT_VERSION = 5.0;
				TVOS_DEPLOYMENT_TARGET = 15.0;
				VALIDATE_PRODUCT = YES;
				VERSIONING_SYSTEM = "apple-generic";
				WATCHOS_DEPLOYMENT_TARGET = 9.0;
				XROS_DEPLOYMENT_TARGET = 1.0;
			};
			name = Release;
		};
		66647B7B2084995E00CF624F /* Debug */ = {
			isa = XCBuildConfiguration;
			buildSettings = {
				ASSETCATALOG_COMPILER_APPICON_NAME = "AppIcon Staging";
				ASSETCATALOG_COMPILER_INCLUDE_ALL_APPICON_ASSETS = YES;
				CODE_SIGN_ENTITLEMENTS = Kurozora/Kurozora.entitlements;
				DEVELOPMENT_ASSET_PATHS = "Kurozora/Supporting\\ Files\\ Dev";
				ENABLE_APP_SANDBOX = YES;
				ENABLE_FILE_ACCESS_DOWNLOADS_FOLDER = readonly;
				ENABLE_HARDENED_RUNTIME = YES;
				ENABLE_OUTGOING_NETWORK_CONNECTIONS = YES;
				ENABLE_RESOURCE_ACCESS_CALENDARS = YES;
				ENABLE_RESOURCE_ACCESS_CAMERA = YES;
				ENABLE_RESOURCE_ACCESS_LOCATION = YES;
				ENABLE_RESOURCE_ACCESS_PHOTO_LIBRARY = YES;
				ENABLE_USER_SELECTED_FILES = readonly;
				INFOPLIST_FILE = "Kurozora/Supporting Files/Info.plist";
				INFOPLIST_KEY_LSApplicationCategoryType = "public.app-category.entertainment";
				LD_RUNPATH_SEARCH_PATHS = (
					"$(inherited)",
					"@executable_path/Frameworks",
					"@executable_path/../Frameworks",
				);
				PRODUCT_BUNDLE_IDENTIFIER = app.kurozora.tracker;
				PRODUCT_NAME = "$(TARGET_NAME)";
				SUPPORTS_MACCATALYST = YES;
				SUPPORTS_MAC_DESIGNED_FOR_IPHONE_IPAD = NO;
				TARGETED_DEVICE_FAMILY = "1,2,6";
			};
			name = Debug;
		};
		66647B7C2084995E00CF624F /* Release */ = {
			isa = XCBuildConfiguration;
			buildSettings = {
				ASSETCATALOG_COMPILER_APPICON_NAME = AppIcon;
				ASSETCATALOG_COMPILER_INCLUDE_ALL_APPICON_ASSETS = YES;
				CODE_SIGN_ENTITLEMENTS = Kurozora/Kurozora.entitlements;
				DEVELOPMENT_ASSET_PATHS = "Kurozora/Supporting\\ Files\\ Dev";
				ENABLE_APP_SANDBOX = YES;
				ENABLE_FILE_ACCESS_DOWNLOADS_FOLDER = readonly;
				ENABLE_HARDENED_RUNTIME = YES;
				ENABLE_OUTGOING_NETWORK_CONNECTIONS = YES;
				ENABLE_RESOURCE_ACCESS_CALENDARS = YES;
				ENABLE_RESOURCE_ACCESS_CAMERA = YES;
				ENABLE_RESOURCE_ACCESS_LOCATION = YES;
				ENABLE_RESOURCE_ACCESS_PHOTO_LIBRARY = YES;
				ENABLE_USER_SELECTED_FILES = readonly;
				INFOPLIST_FILE = "Kurozora/Supporting Files/Info.plist";
				INFOPLIST_KEY_LSApplicationCategoryType = "public.app-category.entertainment";
				LD_RUNPATH_SEARCH_PATHS = (
					"$(inherited)",
					"@executable_path/Frameworks",
					"@executable_path/../Frameworks",
				);
				PRODUCT_BUNDLE_IDENTIFIER = app.kurozora.tracker;
				PRODUCT_NAME = "$(TARGET_NAME)";
				SUPPORTS_MACCATALYST = YES;
				SUPPORTS_MAC_DESIGNED_FOR_IPHONE_IPAD = NO;
				TARGETED_DEVICE_FAMILY = "1,2,6";
			};
			name = Release;
		};
/* End XCBuildConfiguration section */

/* Begin XCConfigurationList section */
		662A3D3B2C92433F006F6EDD /* Build configuration list for PBXNativeTarget "KuroChan" */ = {
			isa = XCConfigurationList;
			buildConfigurations = (
				662A3D382C92433F006F6EDD /* Debug */,
				662A3D392C92433F006F6EDD /* Release */,
			);
			defaultConfigurationIsVisible = 0;
			defaultConfigurationName = Release;
		};
		6647B7442BC0A6E3006BC91C /* Build configuration list for PBXNativeTarget "KurozoraWidgetExtension" */ = {
			isa = XCConfigurationList;
			buildConfigurations = (
				6647B7422BC0A6E3006BC91C /* Debug */,
				6647B7432BC0A6E3006BC91C /* Release */,
			);
			defaultConfigurationIsVisible = 0;
			defaultConfigurationName = Release;
		};
		66647B4B2084995500CF624F /* Build configuration list for PBXProject "Kurozora" */ = {
			isa = XCConfigurationList;
			buildConfigurations = (
				66647B782084995E00CF624F /* Debug */,
				66647B792084995E00CF624F /* Release */,
			);
			defaultConfigurationIsVisible = 0;
			defaultConfigurationName = Release;
		};
		66647B7A2084995E00CF624F /* Build configuration list for PBXNativeTarget "Kurozora" */ = {
			isa = XCConfigurationList;
			buildConfigurations = (
				66647B7B2084995E00CF624F /* Debug */,
				66647B7C2084995E00CF624F /* Release */,
			);
			defaultConfigurationIsVisible = 0;
			defaultConfigurationName = Release;
		};
/* End XCConfigurationList section */

/* Begin XCRemoteSwiftPackageReference section */
		660592EF2E91CD07002CC46E /* XCRemoteSwiftPackageReference "LicensePlist" */ = {
			isa = XCRemoteSwiftPackageReference;
			repositoryURL = "https://github.com/mono0926/LicensePlist";
			requirement = {
				kind = upToNextMajorVersion;
				minimumVersion = 3.27.1;
			};
		};
		6669C5A52E99A5FA009923C0 /* XCRemoteSwiftPackageReference "WhatsNew" */ = {
			isa = XCRemoteSwiftPackageReference;
			repositoryURL = "https://github.com/kiritokatklian/WhatsNew.git";
			requirement = {
				kind = upToNextMajorVersion;
				minimumVersion = 0.5.1;
			};
		};
		66CB161A2E90AA4800104283 /* XCRemoteSwiftPackageReference "SwiftyJSON" */ = {
			isa = XCRemoteSwiftPackageReference;
			repositoryURL = "https://github.com/SwiftyJSON/SwiftyJSON.git";
			requirement = {
				kind = upToNextMajorVersion;
				minimumVersion = 5.0.2;
			};
		};
		66CBDB1F2E8F221600104283 /* XCRemoteSwiftPackageReference "KeychainAccess" */ = {
			isa = XCRemoteSwiftPackageReference;
			repositoryURL = "https://github.com/kishikawakatsumi/KeychainAccess";
			requirement = {
				branch = master;
				kind = branch;
			};
		};
		66CBF10E2E9022F600104283 /* XCRemoteSwiftPackageReference "Kingfisher" */ = {
			isa = XCRemoteSwiftPackageReference;
			repositoryURL = "https://github.com/onevcat/Kingfisher.git";
			requirement = {
				kind = upToNextMajorVersion;
				minimumVersion = 8.5.0;
			};
		};
		66CBF1112E90234D00104283 /* XCRemoteSwiftPackageReference "Cosmos" */ = {
			isa = XCRemoteSwiftPackageReference;
			repositoryURL = "https://github.com/evgenyneu/Cosmos.git";
			requirement = {
				kind = upToNextMajorVersion;
				minimumVersion = 25.0.1;
			};
		};
		66CBF1142E9023AC00104283 /* XCRemoteSwiftPackageReference "FLEX" */ = {
			isa = XCRemoteSwiftPackageReference;
			repositoryURL = "https://github.com/FLEXTool/FLEX.git";
			requirement = {
				branch = master;
				kind = branch;
			};
		};
		66CBF8642E9024AA00104283 /* XCRemoteSwiftPackageReference "IQKeyboardManager" */ = {
			isa = XCRemoteSwiftPackageReference;
			repositoryURL = "https://github.com/hackiftekhar/IQKeyboardManager.git";
			requirement = {
				kind = upToNextMajorVersion;
				minimumVersion = 8.0.1;
			};
		};
		66CBF8672E90254A00104283 /* XCRemoteSwiftPackageReference "Reachability" */ = {
			isa = XCRemoteSwiftPackageReference;
			repositoryURL = "https://github.com/ashleymills/Reachability.swift";
			requirement = {
				kind = upToNextMajorVersion;
				minimumVersion = 5.2.4;
			};
		};
		66CBF86A2E90260F00104283 /* XCRemoteSwiftPackageReference "Solar" */ = {
			isa = XCRemoteSwiftPackageReference;
			repositoryURL = "https://github.com/ceeK/Solar.git";
			requirement = {
				kind = upToNextMajorVersion;
				minimumVersion = 3.0.1;
			};
		};
		66CBF86D2E90277800104283 /* XCRemoteSwiftPackageReference "SPConfetti" */ = {
			isa = XCRemoteSwiftPackageReference;
			repositoryURL = "https://github.com/ivanvorobei/SPConfetti";
			requirement = {
				kind = upToNextMajorVersion;
				minimumVersion = 1.4.2;
			};
		};
		66CBF8702E90279E00104283 /* XCRemoteSwiftPackageReference "Tabman" */ = {
			isa = XCRemoteSwiftPackageReference;
			repositoryURL = "https://github.com/uias/Tabman.git";
			requirement = {
				kind = upToNextMajorVersion;
				minimumVersion = 3.2.0;
			};
		};
		66CBF8732E9027FF00104283 /* XCRemoteSwiftPackageReference "SwiftTheme" */ = {
			isa = XCRemoteSwiftPackageReference;
			repositoryURL = "https://github.com/wxxsw/SwiftTheme.git";
			requirement = {
				kind = upToNextMajorVersion;
				minimumVersion = 0.6.4;
			};
		};
		66CBF8762E90287A00104283 /* XCRemoteSwiftPackageReference "R.swift" */ = {
			isa = XCRemoteSwiftPackageReference;
			repositoryURL = "https://github.com/mac-cain13/R.swift.git";
			requirement = {
				kind = upToNextMajorVersion;
				minimumVersion = 7.8.0;
			};
		};
		66CBF87B2E902AFC00104283 /* XCRemoteSwiftPackageReference "XCDYouTubeKit" */ = {
			isa = XCRemoteSwiftPackageReference;
			repositoryURL = "https://github.com/0xced/XCDYouTubeKit.git";
			requirement = {
				kind = revision;
				revision = 651a6a51c695c5819eb51ba2f98d0b64094315b9;
			};
		};
		66E55AF82EE3C3D7009E12A3 /* XCRemoteSwiftPackageReference "KurozoraKit" */ = {
			isa = XCRemoteSwiftPackageReference;
			repositoryURL = "https://github.com/Kurozora/KurozoraKit.git";
			requirement = {
				kind = upToNextMajorVersion;
				minimumVersion = 1.22.2;
			};
		};
/* End XCRemoteSwiftPackageReference section */

/* Begin XCSwiftPackageProductDependency section */
		660593062E91CE80002CC46E /* LicensePlistBuildTool */ = {
			isa = XCSwiftPackageProductDependency;
			package = 660592EF2E91CD07002CC46E /* XCRemoteSwiftPackageReference "LicensePlist" */;
			productName = "plugin:LicensePlistBuildTool";
		};
		66CB0EA02E90A0BE00104283 /* WhatsNew */ = {
			isa = XCSwiftPackageProductDependency;
			productName = WhatsNew;
		};
		66CB0EAF2E90A27100104283 /* RswiftGenerateInternalResources */ = {
			isa = XCSwiftPackageProductDependency;
			package = 66CBF8762E90287A00104283 /* XCRemoteSwiftPackageReference "R.swift" */;
			productName = "plugin:RswiftGenerateInternalResources";
		};
		66CB161B2E90AA4800104283 /* SwiftyJSON */ = {
			isa = XCSwiftPackageProductDependency;
			package = 66CB161A2E90AA4800104283 /* XCRemoteSwiftPackageReference "SwiftyJSON" */;
			productName = SwiftyJSON;
		};
		66CBDB1D2E8F215A00104283 /* KurozoraKit */ = {
			isa = XCSwiftPackageProductDependency;
			productName = KurozoraKit;
		};
		66CBDB202E8F221600104283 /* KeychainAccess */ = {
			isa = XCSwiftPackageProductDependency;
			package = 66CBDB1F2E8F221600104283 /* XCRemoteSwiftPackageReference "KeychainAccess" */;
			productName = KeychainAccess;
		};
		66CBDB222E8F222D00104283 /* KeychainAccess */ = {
			isa = XCSwiftPackageProductDependency;
			package = 66CBDB1F2E8F221600104283 /* XCRemoteSwiftPackageReference "KeychainAccess" */;
			productName = KeychainAccess;
		};
		66CBF10F2E9022F600104283 /* Kingfisher */ = {
			isa = XCSwiftPackageProductDependency;
			package = 66CBF10E2E9022F600104283 /* XCRemoteSwiftPackageReference "Kingfisher" */;
			productName = Kingfisher;
		};
		66CBF1122E90234D00104283 /* Cosmos */ = {
			isa = XCSwiftPackageProductDependency;
			package = 66CBF1112E90234D00104283 /* XCRemoteSwiftPackageReference "Cosmos" */;
			productName = Cosmos;
		};
		66CBF1152E9023AC00104283 /* FLEX */ = {
			isa = XCSwiftPackageProductDependency;
			package = 66CBF1142E9023AC00104283 /* XCRemoteSwiftPackageReference "FLEX" */;
			productName = FLEX;
		};
		66CBF8652E9024AA00104283 /* IQKeyboardManagerSwift */ = {
			isa = XCSwiftPackageProductDependency;
			package = 66CBF8642E9024AA00104283 /* XCRemoteSwiftPackageReference "IQKeyboardManager" */;
			productName = IQKeyboardManagerSwift;
		};
		66CBF8682E90254A00104283 /* Reachability */ = {
			isa = XCSwiftPackageProductDependency;
			package = 66CBF8672E90254A00104283 /* XCRemoteSwiftPackageReference "Reachability" */;
			productName = Reachability;
		};
		66CBF86B2E90260F00104283 /* Solar */ = {
			isa = XCSwiftPackageProductDependency;
			package = 66CBF86A2E90260F00104283 /* XCRemoteSwiftPackageReference "Solar" */;
			productName = Solar;
		};
		66CBF86E2E90277800104283 /* SPConfetti */ = {
			isa = XCSwiftPackageProductDependency;
			package = 66CBF86D2E90277800104283 /* XCRemoteSwiftPackageReference "SPConfetti" */;
			productName = SPConfetti;
		};
		66CBF8712E90279E00104283 /* Tabman */ = {
			isa = XCSwiftPackageProductDependency;
			package = 66CBF8702E90279E00104283 /* XCRemoteSwiftPackageReference "Tabman" */;
			productName = Tabman;
		};
		66CBF8742E9027FF00104283 /* SwiftTheme */ = {
			isa = XCSwiftPackageProductDependency;
			package = 66CBF8732E9027FF00104283 /* XCRemoteSwiftPackageReference "SwiftTheme" */;
			productName = SwiftTheme;
		};
		66CBF8772E90287A00104283 /* RswiftLibrary */ = {
			isa = XCSwiftPackageProductDependency;
			package = 66CBF8762E90287A00104283 /* XCRemoteSwiftPackageReference "R.swift" */;
			productName = RswiftLibrary;
		};
		66CBF87C2E902AFC00104283 /* XCDYouTubeKit */ = {
			isa = XCSwiftPackageProductDependency;
			package = 66CBF87B2E902AFC00104283 /* XCRemoteSwiftPackageReference "XCDYouTubeKit" */;
			productName = XCDYouTubeKit;
		};
		66CBFFCB2E9045E700104283 /* KurozoraKit */ = {
			isa = XCSwiftPackageProductDependency;
			productName = KurozoraKit;
		};
		66CBFFCF2E90463200104283 /* RswiftLibrary */ = {
			isa = XCSwiftPackageProductDependency;
			package = 66CBF8762E90287A00104283 /* XCRemoteSwiftPackageReference "R.swift" */;
			productName = RswiftLibrary;
		};
		66CBFFD32E904AF500104283 /* Kingfisher */ = {
			isa = XCSwiftPackageProductDependency;
			package = 66CBF10E2E9022F600104283 /* XCRemoteSwiftPackageReference "Kingfisher" */;
			productName = Kingfisher;
		};
		66CBFFD52E904B3F00104283 /* SwiftTheme */ = {
			isa = XCSwiftPackageProductDependency;
			package = 66CBF8732E9027FF00104283 /* XCRemoteSwiftPackageReference "SwiftTheme" */;
			productName = SwiftTheme;
		};
		66CBFFD72E904CDB00104283 /* RswiftGenerateInternalResources */ = {
			isa = XCSwiftPackageProductDependency;
			package = 66CBF8762E90287A00104283 /* XCRemoteSwiftPackageReference "R.swift" */;
			productName = "plugin:RswiftGenerateInternalResources";
		};
/* End XCSwiftPackageProductDependency section */
	};
	rootObject = 66647B482084995500CF624F /* Project object */;
}
